
Microsoft Visual Studio Solution File, Format Version 12.00
Project("{FAE04EC0-301F-11D3-BF4B-00C04F79EFBC}") = "Shapes", "Shapes\Shapes.csproj", "{3E567F11-963C-430C-9F24-6A82DE4F5B9A}"
EndProject
Project("{FAE04EC0-301F-11D3-BF4B-00C04F79EFBC}") = "Shapes.Tests", "Shapes.Tests\Shapes.Tests.csproj", "{1ECF2DFE-67A3-4F10-8EE8-15DCD91BC4CA}"
EndProject
Project("{FAE04EC0-301F-11D3-BF4B-00C04F79EFBC}") = "Utils", "Utils\Utils.csproj", "{21AC78C0-D148-4D78-B8FC-9C9C5E69C796}"
EndProject
Global
	GlobalSection(SolutionConfigurationPlatforms) = preSolution
		Debug|Any CPU = Debug|Any CPU
		Release|Any CPU = Release|Any CPU
	EndGlobalSection
	GlobalSection(ProjectConfigurationPlatforms) = postSolution
		{3E567F11-963C-430C-9F24-6A82DE4F5B9A}.Debug|Any CPU.ActiveCfg = Debug|Any CPU
		{3E567F11-963C-430C-9F24-6A82DE4F5B9A}.Debug|Any CPU.Build.0 = Debug|Any CPU
		{3E567F11-963C-430C-9F24-6A82DE4F5B9A}.Release|Any CPU.ActiveCfg = Release|Any CPU
		{3E567F11-963C-430C-9F24-6A82DE4F5B9A}.Release|Any CPU.Build.0 = Release|Any CPU
		{1ECF2DFE-67A3-4F10-8EE8-15DCD91BC4CA}.Debug|Any CPU.ActiveCfg = Debug|Any CPU
		{1ECF2DFE-67A3-4F10-8EE8-15DCD91BC4CA}.Debug|Any CPU.Build.0 = Debug|Any CPU
		{1ECF2DFE-67A3-4F10-8EE8-15DCD91BC4CA}.Release|Any CPU.ActiveCfg = Release|Any CPU
		{1ECF2DFE-67A3-4F10-8EE8-15DCD91BC4CA}.Release|Any CPU.Build.0 = Release|Any CPU
		{21AC78C0-D148-4D78-B8FC-9C9C5E69C796}.Debug|Any CPU.ActiveCfg = Debug|Any CPU
		{21AC78C0-D148-4D78-B8FC-9C9C5E69C796}.Debug|Any CPU.Build.0 = Debug|Any CPU
		{21AC78C0-D148-4D78-B8FC-9C9C5E69C796}.Release|Any CPU.ActiveCfg = Release|Any CPU
		{21AC78C0-D148-4D78-B8FC-9C9C5E69C796}.Release|Any CPU.Build.0 = Release|Any CPU
	EndGlobalSection
EndGlobal
